
Microsoft Visual Studio Solution File, Format Version 12.00
# Visual Studio Version 17
VisualStudioVersion = 17.2.32408.312
MinimumVisualStudioVersion = 10.0.40219.1
Project("{FAE04EC0-301F-11D3-BF4B-00C04F79EFBC}") = "CSharp-9-and-10-Performance", "CSharp-9-and-10-Performance\CSharp-9-and-10-Performance.csproj", "{231AF280-17C6-4C02-822A-F9CD37DECDD9}"
EndProject
Global
	GlobalSection(SolutionConfigurationPlatforms) = preSolution
		Debug|Any CPU = Debug|Any CPU
		Release|Any CPU = Release|Any CPU
	EndGlobalSection
	GlobalSection(ProjectConfigurationPlatforms) = postSolution
		{231AF280-17C6-4C02-822A-F9CD37DECDD9}.Debug|Any CPU.ActiveCfg = Debug|Any CPU
		{231AF280-17C6-4C02-822A-F9CD37DECDD9}.Debug|Any CPU.Build.0 = Debug|Any CPU
		{231AF280-17C6-4C02-822A-F9CD37DECDD9}.Release|Any CPU.ActiveCfg = Release|Any CPU
		{231AF280-17C6-4C02-822A-F9CD37DECDD9}.Release|Any CPU.Build.0 = Release|Any CPU
	EndGlobalSection
	GlobalSection(SolutionProperties) = preSolution
		HideSolutionNode = FALSE
	EndGlobalSection
	GlobalSection(ExtensibilityGlobals) = postSolution
		SolutionGuid = {FE1461B6-F766-4277-A59D-08DE9338E4B0}
	EndGlobalSection
EndGlobal
